
Microsoft Visual Studio Solution File, Format Version 12.00
# Visual Studio Version 16
VisualStudioVersion = 16.0.31321.278
MinimumVisualStudioVersion = 10.0.40219.1
Project("{FAE04EC0-301F-11D3-BF4B-00C04F79EFBC}") = "WebPageTest", "WebPageTest\WebPageTest.csproj", "{0806CB8B-C6CC-4B86-9E38-C2FA5AAF4B4D}"
EndProject
Global
	GlobalSection(SolutionConfigurationPlatforms) = preSolution
		Debug|Any CPU = Debug|Any CPU
		Release|Any CPU = Release|Any CPU
	EndGlobalSection
	GlobalSection(ProjectConfigurationPlatforms) = postSolution
		{0806CB8B-C6CC-4B86-9E38-C2FA5AAF4B4D}.Debug|Any CPU.ActiveCfg = Debug|Any CPU
		{0806CB8B-C6CC-4B86-9E38-C2FA5AAF4B4D}.Debug|Any CPU.Build.0 = Debug|Any CPU
		{0806CB8B-C6CC-4B86-9E38-C2FA5AAF4B4D}.Release|Any CPU.ActiveCfg = Release|Any CPU
		{0806CB8B-C6CC-4B86-9E38-C2FA5AAF4B4D}.Release|Any CPU.Build.0 = Release|Any CPU
	EndGlobalSection
	GlobalSection(SolutionProperties) = preSolution
		HideSolutionNode = FALSE
	EndGlobalSection
	GlobalSection(ExtensibilityGlobals) = postSolution
		SolutionGuid = {CB83E16E-81F7-4D19-814C-AD02A7F898B6}
	EndGlobalSection
EndGlobal
